
Microsoft Visual Studio Solution File, Format Version 12.00
# Visual Studio Version 16
VisualStudioVersion = 16.0.29920.165
MinimumVisualStudioVersion = 10.0.40219.1
Project("{FAE04EC0-301F-11D3-BF4B-00C04F79EFBC}") = "AutolotDAL_Core2", "AutolotDAL_Core2.csproj", "{DA44CDF0-0686-4641-B6CB-C853B87F09B3}"
EndProject
Project("{FAE04EC0-301F-11D3-BF4B-00C04F79EFBC}") = "AutolotDAL_Core2.Models", "..\AutolotDAL_Core2.Models\AutolotDAL_Core2.Models.csproj", "{4DA5619D-7DDB-4899-9FB8-0F1D3579F0F2}"
EndProject
Project("{FAE04EC0-301F-11D3-BF4B-00C04F79EFBC}") = "AutolotDAL_Core2.TestDriver", "..\AutolotDAL_Core2.TestDriver\AutolotDAL_Core2.TestDriver.csproj", "{C4A758D3-456B-4785-9F81-552FC962856F}"
EndProject
Global
	GlobalSection(SolutionConfigurationPlatforms) = preSolution
		Debug|Any CPU = Debug|Any CPU
		Release|Any CPU = Release|Any CPU
	EndGlobalSection
	GlobalSection(ProjectConfigurationPlatforms) = postSolution
		{DA44CDF0-0686-4641-B6CB-C853B87F09B3}.Debug|Any CPU.ActiveCfg = Debug|Any CPU
		{DA44CDF0-0686-4641-B6CB-C853B87F09B3}.Debug|Any CPU.Build.0 = Debug|Any CPU
		{DA44CDF0-0686-4641-B6CB-C853B87F09B3}.Release|Any CPU.ActiveCfg = Release|Any CPU
		{DA44CDF0-0686-4641-B6CB-C853B87F09B3}.Release|Any CPU.Build.0 = Release|Any CPU
		{4DA5619D-7DDB-4899-9FB8-0F1D3579F0F2}.Debug|Any CPU.ActiveCfg = Debug|Any CPU
		{4DA5619D-7DDB-4899-9FB8-0F1D3579F0F2}.Debug|Any CPU.Build.0 = Debug|Any CPU
		{4DA5619D-7DDB-4899-9FB8-0F1D3579F0F2}.Release|Any CPU.ActiveCfg = Release|Any CPU
		{4DA5619D-7DDB-4899-9FB8-0F1D3579F0F2}.Release|Any CPU.Build.0 = Release|Any CPU
		{C4A758D3-456B-4785-9F81-552FC962856F}.Debug|Any CPU.ActiveCfg = Debug|Any CPU
		{C4A758D3-456B-4785-9F81-552FC962856F}.Debug|Any CPU.Build.0 = Debug|Any CPU
		{C4A758D3-456B-4785-9F81-552FC962856F}.Release|Any CPU.ActiveCfg = Release|Any CPU
		{C4A758D3-456B-4785-9F81-552FC962856F}.Release|Any CPU.Build.0 = Release|Any CPU
	EndGlobalSection
	GlobalSection(SolutionProperties) = preSolution
		HideSolutionNode = FALSE
	EndGlobalSection
	GlobalSection(ExtensibilityGlobals) = postSolution
		SolutionGuid = {FC9A4844-679F-4993-85EC-E262E0F6228D}
	EndGlobalSection
EndGlobal
